
Microsoft Visual Studio Solution File, Format Version 12.00
# Visual Studio Version 17
VisualStudioVersion = 17.0.31903.59
MinimumVisualStudioVersion = 10.0.40219.1
Project("{2150E333-8FDC-42A3-9474-1A3956D46DE8}") = "src", "src", "{827E0CD3-B72D-47B6-A68D-7590B98EB39B}"
EndProject
Project("{2150E333-8FDC-42A3-9474-1A3956D46DE8}") = "UserService", "UserService", "{CB753486-031C-08A7-C788-4C8CBC49DED1}"
EndProject
Project("{FAE04EC0-301F-11D3-BF4B-00C04F79EFBC}") = "UserService.Domain", "src\UserService\UserService.Domain\UserService.Domain.csproj", "{4AA11917-1963-4671-AC98-37435E4FBF45}"
EndProject
Project("{FAE04EC0-301F-11D3-BF4B-00C04F79EFBC}") = "UserService.Application", "src\UserService\UserService.Application\UserService.Application.csproj", "{5335792A-0AE5-4080-9455-B21A62D2D0E7}"
EndProject
Project("{FAE04EC0-301F-11D3-BF4B-00C04F79EFBC}") = "UserService.Infrastructure", "src\UserService\UserService.Infrastructure\UserService.Infrastructure.csproj", "{082F0DE4-6B15-40CF-8E59-05B1F5AE324A}"
EndProject
Project("{FAE04EC0-301F-11D3-BF4B-00C04F79EFBC}") = "UserService.API", "src\UserService\UserService.API\UserService.API.csproj", "{DA157F1E-75AC-4E8A-93AF-F8EB399D5A8C}"
EndProject
Project("{2150E333-8FDC-42A3-9474-1A3956D46DE8}") = "CourseService", "CourseService", "{2E28FF9F-6F4C-1D15-D49F-D1C5B41F36D7}"
EndProject
Project("{FAE04EC0-301F-11D3-BF4B-00C04F79EFBC}") = "CourseService.Domain", "src\CourseService\CourseService.Domain\CourseService.Domain.csproj", "{19BCAD17-D1B3-4DBC-8160-E31F7F166458}"
EndProject
Project("{FAE04EC0-301F-11D3-BF4B-00C04F79EFBC}") = "CourseService.Application", "src\CourseService\CourseService.Application\CourseService.Application.csproj", "{33DA0602-95DE-4561-AFEA-3E968F7A35EE}"
EndProject
Project("{FAE04EC0-301F-11D3-BF4B-00C04F79EFBC}") = "CourseService.Infrastructure", "src\CourseService\CourseService.Infrastructure\CourseService.Infrastructure.csproj", "{66F4E57B-C473-4AB2-93FC-1BAD68BCEAAF}"
EndProject
Project("{FAE04EC0-301F-11D3-BF4B-00C04F79EFBC}") = "CourseService.API", "src\CourseService\CourseService.API\CourseService.API.csproj", "{63A4A9C8-C92D-479C-AE0F-A7B71A73F259}"
EndProject
Project("{2150E333-8FDC-42A3-9474-1A3956D46DE8}") = "tests", "tests", "{0AB3BF05-4346-4AA6-1389-037BE0695223}"
EndProject
Project("{FAE04EC0-301F-11D3-BF4B-00C04F79EFBC}") = "UserService.Tests", "tests\UserService.Tests\UserService.Tests.csproj", "{0CA3A0D3-92AC-4CA9-97CF-DF55B61F6794}"
EndProject
Project("{FAE04EC0-301F-11D3-BF4B-00C04F79EFBC}") = "CourseService.Tests", "tests\CourseService.Tests\CourseService.Tests.csproj", "{7F851B8C-E742-4CEB-84B4-D4940F7AD8C4}"
EndProject
Global
	GlobalSection(SolutionConfigurationPlatforms) = preSolution
		Debug|Any CPU = Debug|Any CPU
		Debug|x64 = Debug|x64
		Debug|x86 = Debug|x86
		Release|Any CPU = Release|Any CPU
		Release|x64 = Release|x64
		Release|x86 = Release|x86
	EndGlobalSection
	GlobalSection(ProjectConfigurationPlatforms) = postSolution
		{4AA11917-1963-4671-AC98-37435E4FBF45}.Debug|Any CPU.ActiveCfg = Debug|Any CPU
		{4AA11917-1963-4671-AC98-37435E4FBF45}.Debug|Any CPU.Build.0 = Debug|Any CPU
		{4AA11917-1963-4671-AC98-37435E4FBF45}.Debug|x64.ActiveCfg = Debug|Any CPU
		{4AA11917-1963-4671-AC98-37435E4FBF45}.Debug|x64.Build.0 = Debug|Any CPU
		{4AA11917-1963-4671-AC98-37435E4FBF45}.Debug|x86.ActiveCfg = Debug|Any CPU
		{4AA11917-1963-4671-AC98-37435E4FBF45}.Debug|x86.Build.0 = Debug|Any CPU
		{4AA11917-1963-4671-AC98-37435E4FBF45}.Release|Any CPU.ActiveCfg = Release|Any CPU
		{4AA11917-1963-4671-AC98-37435E4FBF45}.Release|Any CPU.Build.0 = Release|Any CPU
		{4AA11917-1963-4671-AC98-37435E4FBF45}.Release|x64.ActiveCfg = Release|Any CPU
		{4AA11917-1963-4671-AC98-37435E4FBF45}.Release|x64.Build.0 = Release|Any CPU
		{4AA11917-1963-4671-AC98-37435E4FBF45}.Release|x86.ActiveCfg = Release|Any CPU
		{4AA11917-1963-4671-AC98-37435E4FBF45}.Release|x86.Build.0 = Release|Any CPU
		{5335792A-0AE5-4080-9455-B21A62D2D0E7}.Debug|Any CPU.ActiveCfg = Debug|Any CPU
		{5335792A-0AE5-4080-9455-B21A62D2D0E7}.Debug|Any CPU.Build.0 = Debug|Any CPU
		{5335792A-0AE5-4080-9455-B21A62D2D0E7}.Debug|x64.ActiveCfg = Debug|Any CPU
		{5335792A-0AE5-4080-9455-B21A62D2D0E7}.Debug|x64.Build.0 = Debug|Any CPU
		{5335792A-0AE5-4080-9455-B21A62D2D0E7}.Debug|x86.ActiveCfg = Debug|Any CPU
		{5335792A-0AE5-4080-9455-B21A62D2D0E7}.Debug|x86.Build.0 = Debug|Any CPU
		{5335792A-0AE5-4080-9455-B21A62D2D0E7}.Release|Any CPU.ActiveCfg = Release|Any CPU
		{5335792A-0AE5-4080-9455-B21A62D2D0E7}.Release|Any CPU.Build.0 = Release|Any CPU
		{5335792A-0AE5-4080-9455-B21A62D2D0E7}.Release|x64.ActiveCfg = Release|Any CPU
		{5335792A-0AE5-4080-9455-B21A62D2D0E7}.Release|x64.Build.0 = Release|Any CPU
		{5335792A-0AE5-4080-9455-B21A62D2D0E7}.Release|x86.ActiveCfg = Release|Any CPU
		{5335792A-0AE5-4080-9455-B21A62D2D0E7}.Release|x86.Build.0 = Release|Any CPU
		{082F0DE4-6B15-40CF-8E59-05B1F5AE324A}.Debug|Any CPU.ActiveCfg = Debug|Any CPU
		{082F0DE4-6B15-40CF-8E59-05B1F5AE324A}.Debug|Any CPU.Build.0 = Debug|Any CPU
		{082F0DE4-6B15-40CF-8E59-05B1F5AE324A}.Debug|x64.ActiveCfg = Debug|Any CPU
		{082F0DE4-6B15-40CF-8E59-05B1F5AE324A}.Debug|x64.Build.0 = Debug|Any CPU
		{082F0DE4-6B15-40CF-8E59-05B1F5AE324A}.Debug|x86.ActiveCfg = Debug|Any CPU
		{082F0DE4-6B15-40CF-8E59-05B1F5AE324A}.Debug|x86.Build.0 = Debug|Any CPU
		{082F0DE4-6B15-40CF-8E59-05B1F5AE324A}.Release|Any CPU.ActiveCfg = Release|Any CPU
		{082F0DE4-6B15-40CF-8E59-05B1F5AE324A}.Release|Any CPU.Build.0 = Release|Any CPU
		{082F0DE4-6B15-40CF-8E59-05B1F5AE324A}.Release|x64.ActiveCfg = Release|Any CPU
		{082F0DE4-6B15-40CF-8E59-05B1F5AE324A}.Release|x64.Build.0 = Release|Any CPU
		{082F0DE4-6B15-40CF-8E59-05B1F5AE324A}.Release|x86.ActiveCfg = Release|Any CPU
		{082F0DE4-6B15-40CF-8E59-05B1F5AE324A}.Release|x86.Build.0 = Release|Any CPU
		{DA157F1E-75AC-4E8A-93AF-F8EB399D5A8C}.Debug|Any CPU.ActiveCfg = Debug|Any CPU
		{DA157F1E-75AC-4E8A-93AF-F8EB399D5A8C}.Debug|Any CPU.Build.0 = Debug|Any CPU
		{DA157F1E-75AC-4E8A-93AF-F8EB399D5A8C}.Debug|x64.ActiveCfg = Debug|Any CPU
		{DA157F1E-75AC-4E8A-93AF-F8EB399D5A8C}.Debug|x64.Build.0 = Debug|Any CPU
		{DA157F1E-75AC-4E8A-93AF-F8EB399D5A8C}.Debug|x86.ActiveCfg = Debug|Any CPU
		{DA157F1E-75AC-4E8A-93AF-F8EB399D5A8C}.Debug|x86.Build.0 = Debug|Any CPU
		{DA157F1E-75AC-4E8A-93AF-F8EB399D5A8C}.Release|Any CPU.ActiveCfg = Release|Any CPU
		{DA157F1E-75AC-4E8A-93AF-F8EB399D5A8C}.Release|Any CPU.Build.0 = Release|Any CPU
		{DA157F1E-75AC-4E8A-93AF-F8EB399D5A8C}.Release|x64.ActiveCfg = Release|Any CPU
		{DA157F1E-75AC-4E8A-93AF-F8EB399D5A8C}.Release|x64.Build.0 = Release|Any CPU
		{DA157F1E-75AC-4E8A-93AF-F8EB399D5A8C}.Release|x86.ActiveCfg = Release|Any CPU
		{DA157F1E-75AC-4E8A-93AF-F8EB399D5A8C}.Release|x86.Build.0 = Release|Any CPU
		{19BCAD17-D1B3-4DBC-8160-E31F7F166458}.Debug|Any CPU.ActiveCfg = Debug|Any CPU
		{19BCAD17-D1B3-4DBC-8160-E31F7F166458}.Debug|Any CPU.Build.0 = Debug|Any CPU
		{19BCAD17-D1B3-4DBC-8160-E31F7F166458}.Debug|x64.ActiveCfg = Debug|Any CPU
		{19BCAD17-D1B3-4DBC-8160-E31F7F166458}.Debug|x64.Build.0 = Debug|Any CPU
		{19BCAD17-D1B3-4DBC-8160-E31F7F166458}.Debug|x86.ActiveCfg = Debug|Any CPU
		{19BCAD17-D1B3-4DBC-8160-E31F7F166458}.Debug|x86.Build.0 = Debug|Any CPU
		{19BCAD17-D1B3-4DBC-8160-E31F7F166458}.Release|Any CPU.ActiveCfg = Release|Any CPU
		{19BCAD17-D1B3-4DBC-8160-E31F7F166458}.Release|Any CPU.Build.0 = Release|Any CPU
		{19BCAD17-D1B3-4DBC-8160-E31F7F166458}.Release|x64.ActiveCfg = Release|Any CPU
		{19BCAD17-D1B3-4DBC-8160-E31F7F166458}.Release|x64.Build.0 = Release|Any CPU
		{19BCAD17-D1B3-4DBC-8160-E31F7F166458}.Release|x86.ActiveCfg = Release|Any CPU
		{19BCAD17-D1B3-4DBC-8160-E31F7F166458}.Release|x86.Build.0 = Release|Any CPU
		{33DA0602-95DE-4561-AFEA-3E968F7A35EE}.Debug|Any CPU.ActiveCfg = Debug|Any CPU
		{33DA0602-95DE-4561-AFEA-3E968F7A35EE}.Debug|Any CPU.Build.0 = Debug|Any CPU
		{33DA0602-95DE-4561-AFEA-3E968F7A35EE}.Debug|x64.ActiveCfg = Debug|Any CPU
		{33DA0602-95DE-4561-AFEA-3E968F7A35EE}.Debug|x64.Build.0 = Debug|Any CPU
		{33DA0602-95DE-4561-AFEA-3E968F7A35EE}.Debug|x86.ActiveCfg = Debug|Any CPU
		{33DA0602-95DE-4561-AFEA-3E968F7A35EE}.Debug|x86.Build.0 = Debug|Any CPU
		{33DA0602-95DE-4561-AFEA-3E968F7A35EE}.Release|Any CPU.ActiveCfg = Release|Any CPU
		{33DA0602-95DE-4561-AFEA-3E968F7A35EE}.Release|Any CPU.Build.0 = Release|Any CPU
		{33DA0602-95DE-4561-AFEA-3E968F7A35EE}.Release|x64.ActiveCfg = Release|Any CPU
		{33DA0602-95DE-4561-AFEA-3E968F7A35EE}.Release|x64.Build.0 = Release|Any CPU
		{33DA0602-95DE-4561-AFEA-3E968F7A35EE}.Release|x86.ActiveCfg = Release|Any CPU
		{33DA0602-95DE-4561-AFEA-3E968F7A35EE}.Release|x86.Build.0 = Release|Any CPU
		{66F4E57B-C473-4AB2-93FC-1BAD68BCEAAF}.Debug|Any CPU.ActiveCfg = Debug|Any CPU
		{66F4E57B-C473-4AB2-93FC-1BAD68BCEAAF}.Debug|Any CPU.Build.0 = Debug|Any CPU
		{66F4E57B-C473-4AB2-93FC-1BAD68BCEAAF}.Debug|x64.ActiveCfg = Debug|Any CPU
		{66F4E57B-C473-4AB2-93FC-1BAD68BCEAAF}.Debug|x64.Build.0 = Debug|Any CPU
		{66F4E57B-C473-4AB2-93FC-1BAD68BCEAAF}.Debug|x86.ActiveCfg = Debug|Any CPU
		{66F4E57B-C473-4AB2-93FC-1BAD68BCEAAF}.Debug|x86.Build.0 = Debug|Any CPU
		{66F4E57B-C473-4AB2-93FC-1BAD68BCEAAF}.Release|Any CPU.ActiveCfg = Release|Any CPU
		{66F4E57B-C473-4AB2-93FC-1BAD68BCEAAF}.Release|Any CPU.Build.0 = Release|Any CPU
		{66F4E57B-C473-4AB2-93FC-1BAD68BCEAAF}.Release|x64.ActiveCfg = Release|Any CPU
		{66F4E57B-C473-4AB2-93FC-1BAD68BCEAAF}.Release|x64.Build.0 = Release|Any CPU
		{66F4E57B-C473-4AB2-93FC-1BAD68BCEAAF}.Release|x86.ActiveCfg = Release|Any CPU
		{66F4E57B-C473-4AB2-93FC-1BAD68BCEAAF}.Release|x86.Build.0 = Release|Any CPU
		{63A4A9C8-C92D-479C-AE0F-A7B71A73F259}.Debug|Any CPU.ActiveCfg = Debug|Any CPU
		{63A4A9C8-C92D-479C-AE0F-A7B71A73F259}.Debug|Any CPU.Build.0 = Debug|Any CPU
		{63A4A9C8-C92D-479C-AE0F-A7B71A73F259}.Debug|x64.ActiveCfg = Debug|Any CPU
		{63A4A9C8-C92D-479C-AE0F-A7B71A73F259}.Debug|x64.Build.0 = Debug|Any CPU
		{63A4A9C8-C92D-479C-AE0F-A7B71A73F259}.Debug|x86.ActiveCfg = Debug|Any CPU
		{63A4A9C8-C92D-479C-AE0F-A7B71A73F259}.Debug|x86.Build.0 = Debug|Any CPU
		{63A4A9C8-C92D-479C-AE0F-A7B71A73F259}.Release|Any CPU.ActiveCfg = Release|Any CPU
		{63A4A9C8-C92D-479C-AE0F-A7B71A73F259}.Release|Any CPU.Build.0 = Release|Any CPU
		{63A4A9C8-C92D-479C-AE0F-A7B71A73F259}.Release|x64.ActiveCfg = Release|Any CPU
		{63A4A9C8-C92D-479C-AE0F-A7B71A73F259}.Release|x64.Build.0 = Release|Any CPU
		{63A4A9C8-C92D-479C-AE0F-A7B71A73F259}.Release|x86.ActiveCfg = Release|Any CPU
		{63A4A9C8-C92D-479C-AE0F-A7B71A73F259}.Release|x86.Build.0 = Release|Any CPU
		{0CA3A0D3-92AC-4CA9-97CF-DF55B61F6794}.Debug|Any CPU.ActiveCfg = Debug|Any CPU
		{0CA3A0D3-92AC-4CA9-97CF-DF55B61F6794}.Debug|Any CPU.Build.0 = Debug|Any CPU
		{0CA3A0D3-92AC-4CA9-97CF-DF55B61F6794}.Debug|x64.ActiveCfg = Debug|Any CPU
		{0CA3A0D3-92AC-4CA9-97CF-DF55B61F6794}.Debug|x64.Build.0 = Debug|Any CPU
		{0CA3A0D3-92AC-4CA9-97CF-DF55B61F6794}.Debug|x86.ActiveCfg = Debug|Any CPU
		{0CA3A0D3-92AC-4CA9-97CF-DF55B61F6794}.Debug|x86.Build.0 = Debug|Any CPU
		{0CA3A0D3-92AC-4CA9-97CF-DF55B61F6794}.Release|Any CPU.ActiveCfg = Release|Any CPU
		{0CA3A0D3-92AC-4CA9-97CF-DF55B61F6794}.Release|Any CPU.Build.0 = Release|Any CPU
		{0CA3A0D3-92AC-4CA9-97CF-DF55B61F6794}.Release|x64.ActiveCfg = Release|Any CPU
		{0CA3A0D3-92AC-4CA9-97CF-DF55B61F6794}.Release|x64.Build.0 = Release|Any CPU
		{0CA3A0D3-92AC-4CA9-97CF-DF55B61F6794}.Release|x86.ActiveCfg = Release|Any CPU
		{0CA3A0D3-92AC-4CA9-97CF-DF55B61F6794}.Release|x86.Build.0 = Release|Any CPU
		{7F851B8C-E742-4CEB-84B4-D4940F7AD8C4}.Debug|Any CPU.ActiveCfg = Debug|Any CPU
		{7F851B8C-E742-4CEB-84B4-D4940F7AD8C4}.Debug|Any CPU.Build.0 = Debug|Any CPU
		{7F851B8C-E742-4CEB-84B4-D4940F7AD8C4}.Debug|x64.ActiveCfg = Debug|Any CPU
		{7F851B8C-E742-4CEB-84B4-D4940F7AD8C4}.Debug|x64.Build.0 = Debug|Any CPU
		{7F851B8C-E742-4CEB-84B4-D4940F7AD8C4}.Debug|x86.ActiveCfg = Debug|Any CPU
		{7F851B8C-E742-4CEB-84B4-D4940F7AD8C4}.Debug|x86.Build.0 = Debug|Any CPU
		{7F851B8C-E742-4CEB-84B4-D4940F7AD8C4}.Release|Any CPU.ActiveCfg = Release|Any CPU
		{7F851B8C-E742-4CEB-84B4-D4940F7AD8C4}.Release|Any CPU.Build.0 = Release|Any CPU
		{7F851B8C-E742-4CEB-84B4-D4940F7AD8C4}.Release|x64.ActiveCfg = Release|Any CPU
		{7F851B8C-E742-4CEB-84B4-D4940F7AD8C4}.Release|x64.Build.0 = Release|Any CPU
		{7F851B8C-E742-4CEB-84B4-D4940F7AD8C4}.Release|x86.ActiveCfg = Release|Any CPU
		{7F851B8C-E742-4CEB-84B4-D4940F7AD8C4}.Release|x86.Build.0 = Release|Any CPU
	EndGlobalSection
	GlobalSection(SolutionProperties) = preSolution
		HideSolutionNode = FALSE
	EndGlobalSection
	GlobalSection(NestedProjects) = preSolution
		{CB753486-031C-08A7-C788-4C8CBC49DED1} = {827E0CD3-B72D-47B6-A68D-7590B98EB39B}
		{4AA11917-1963-4671-AC98-37435E4FBF45} = {CB753486-031C-08A7-C788-4C8CBC49DED1}
		{5335792A-0AE5-4080-9455-B21A62D2D0E7} = {CB753486-031C-08A7-C788-4C8CBC49DED1}
		{082F0DE4-6B15-40CF-8E59-05B1F5AE324A} = {CB753486-031C-08A7-C788-4C8CBC49DED1}
		{DA157F1E-75AC-4E8A-93AF-F8EB399D5A8C} = {CB753486-031C-08A7-C788-4C8CBC49DED1}
		{2E28FF9F-6F4C-1D15-D49F-D1C5B41F36D7} = {827E0CD3-B72D-47B6-A68D-7590B98EB39B}
		{19BCAD17-D1B3-4DBC-8160-E31F7F166458} = {2E28FF9F-6F4C-1D15-D49F-D1C5B41F36D7}
		{33DA0602-95DE-4561-AFEA-3E968F7A35EE} = {2E28FF9F-6F4C-1D15-D49F-D1C5B41F36D7}
		{66F4E57B-C473-4AB2-93FC-1BAD68BCEAAF} = {2E28FF9F-6F4C-1D15-D49F-D1C5B41F36D7}
		{63A4A9C8-C92D-479C-AE0F-A7B71A73F259} = {2E28FF9F-6F4C-1D15-D49F-D1C5B41F36D7}
		{0CA3A0D3-92AC-4CA9-97CF-DF55B61F6794} = {0AB3BF05-4346-4AA6-1389-037BE0695223}
		{7F851B8C-E742-4CEB-84B4-D4940F7AD8C4} = {0AB3BF05-4346-4AA6-1389-037BE0695223}
	EndGlobalSection
EndGlobal
